
Microsoft Visual Studio Solution File, Format Version 12.00
# Visual Studio Version 16
VisualStudioVersion = 16.0.30523.141
MinimumVisualStudioVersion = 10.0.40219.1
Project("{FAE04EC0-301F-11D3-BF4B-00C04F79EFBC}") = "FinalCsharp", "FinalCsharp\FinalCsharp.csproj", "{FC29A503-D5F0-401D-8574-9036879BB1F2}"
EndProject
Global
	GlobalSection(SolutionConfigurationPlatforms) = preSolution
		Debug|Any CPU = Debug|Any CPU
		Release|Any CPU = Release|Any CPU
	EndGlobalSection
	GlobalSection(ProjectConfigurationPlatforms) = postSolution
		{FC29A503-D5F0-401D-8574-9036879BB1F2}.Debug|Any CPU.ActiveCfg = Debug|Any CPU
		{FC29A503-D5F0-401D-8574-9036879BB1F2}.Debug|Any CPU.Build.0 = Debug|Any CPU
		{FC29A503-D5F0-401D-8574-9036879BB1F2}.Release|Any CPU.ActiveCfg = Release|Any CPU
		{FC29A503-D5F0-401D-8574-9036879BB1F2}.Release|Any CPU.Build.0 = Release|Any CPU
	EndGlobalSection
	GlobalSection(SolutionProperties) = preSolution
		HideSolutionNode = FALSE
	EndGlobalSection
	GlobalSection(ExtensibilityGlobals) = postSolution
		SolutionGuid = {5A80C0E3-24DB-46D1-A07F-37B1DAADC0D2}
	EndGlobalSection
EndGlobal
